
Microsoft Visual Studio Solution File, Format Version 12.00
Project("{FAE04EC0-301F-11D3-BF4B-00C04F79EFBC}") = "desalluno", "desalluno.csproj", "{CA70BFD2-F15B-495D-A8CD-896697845352}"
EndProject
Global
	GlobalSection(SolutionConfigurationPlatforms) = preSolution
		Debug|Any CPU = Debug|Any CPU
		Release|Any CPU = Release|Any CPU
	EndGlobalSection
	GlobalSection(ProjectConfigurationPlatforms) = postSolution
		{CA70BFD2-F15B-495D-A8CD-896697845352}.Debug|Any CPU.ActiveCfg = Debug|Any CPU
		{CA70BFD2-F15B-495D-A8CD-896697845352}.Debug|Any CPU.Build.0 = Debug|Any CPU
		{CA70BFD2-F15B-495D-A8CD-896697845352}.Release|Any CPU.ActiveCfg = Release|Any CPU
		{CA70BFD2-F15B-495D-A8CD-896697845352}.Release|Any CPU.Build.0 = Release|Any CPU
	EndGlobalSection
EndGlobal
